// !$*UTF8*$!
{
	archiveVersion = 1;
	classes = {
	};
	objectVersion = 56;
	objects = {

/* Begin PBXBuildFile section */
		512728352A4EAE50006D4013 /* AppDelegate.swift in Sources */ = {isa = PBXBuildFile; fileRef = 512728342A4EAE50006D4013 /* AppDelegate.swift */; };
		512728372A4EAE50006D4013 /* SceneDelegate.swift in Sources */ = {isa = PBXBuildFile; fileRef = 512728362A4EAE50006D4013 /* SceneDelegate.swift */; };
		512728392A4EAE50006D4013 /* ViewController.swift in Sources */ = {isa = PBXBuildFile; fileRef = 512728382A4EAE50006D4013 /* ViewController.swift */; };
		5127283C2A4EAE50006D4013 /* Main.storyboard in Resources */ = {isa = PBXBuildFile; fileRef = 5127283A2A4EAE50006D4013 /* Main.storyboard */; };
		5127283E2A4EAE51006D4013 /* Assets.xcassets in Resources */ = {isa = PBXBuildFile; fileRef = 5127283D2A4EAE51006D4013 /* Assets.xcassets */; };
		512728412A4EAE51006D4013 /* LaunchScreen.storyboard in Resources */ = {isa = PBXBuildFile; fileRef = 5127283F2A4EAE51006D4013 /* LaunchScreen.storyboard */; };
		512728492A4EB0E7006D4013 /* GoogleService-Info.plist in Resources */ = {isa = PBXBuildFile; fileRef = 512728482A4EB0E7006D4013 /* GoogleService-Info.plist */; };
		75B3184F1C54C105DA67DF4B /* Pods_RemoteNotification.framework in Frameworks */ = {isa = PBXBuildFile; fileRef = CC0CE6F802B9378125B2ED6A /* Pods_RemoteNotification.framework */; };
/* End PBXBuildFile section */

/* Begin PBXFileReference section */
		2D38BD69650523703E3E8327 /* Pods-RemoteNotification.release.xcconfig */ = {isa = PBXFileReference; includeInIndex = 1; lastKnownFileType = text.xcconfig; name = "Pods-RemoteNotification.release.xcconfig"; path = "Target Support Files/Pods-RemoteNotification/Pods-RemoteNotification.release.xcconfig"; sourceTree = "<group>"; };
		512728312A4EAE50006D4013 /* RemoteNotification.app */ = {isa = PBXFileReference; explicitFileType = wrapper.application; includeInIndex = 0; path = RemoteNotification.app; sourceTree = BUILT_PRODUCTS_DIR; };
		512728342A4EAE50006D4013 /* AppDelegate.swift */ = {isa = PBXFileReference; lastKnownFileType = sourcecode.swift; path = AppDelegate.swift; sourceTree = "<group>"; };
		512728362A4EAE50006D4013 /* SceneDelegate.swift */ = {isa = PBXFileReference; lastKnownFileType = sourcecode.swift; path = SceneDelegate.swift; sourceTree = "<group>"; };
		512728382A4EAE50006D4013 /* ViewController.swift */ = {isa = PBXFileReference; lastKnownFileType = sourcecode.swift; path = ViewController.swift; sourceTree = "<group>"; };
		5127283B2A4EAE50006D4013 /* Base */ = {isa = PBXFileReference; lastKnownFileType = file.storyboard; name = Base; path = Base.lproj/Main.storyboard; sourceTree = "<group>"; };
		5127283D2A4EAE51006D4013 /* Assets.xcassets */ = {isa = PBXFileReference; lastKnownFileType = folder.assetcatalog; path = Assets.xcassets; sourceTree = "<group>"; };
		512728402A4EAE51006D4013 /* Base */ = {isa = PBXFileReference; lastKnownFileType = file.storyboard; name = Base; path = Base.lproj/LaunchScreen.storyboard; sourceTree = "<group>"; };
		512728422A4EAE51006D4013 /* Info.plist */ = {isa = PBXFileReference; lastKnownFileType = text.plist.xml; path = Info.plist; sourceTree = "<group>"; };
		512728482A4EB0E7006D4013 /* GoogleService-Info.plist */ = {isa = PBXFileReference; fileEncoding = 4; lastKnownFileType = text.plist.xml; path = "GoogleService-Info.plist"; sourceTree = "<group>"; };
		5127284A2A4EB446006D4013 /* RemoteNotification.entitlements */ = {isa = PBXFileReference; lastKnownFileType = text.plist.entitlements; path = RemoteNotification.entitlements; sourceTree = "<group>"; };
		CC0CE6F802B9378125B2ED6A /* Pods_RemoteNotification.framework */ = {isa = PBXFileReference; explicitFileType = wrapper.framework; includeInIndex = 0; path = Pods_RemoteNotification.framework; sourceTree = BUILT_PRODUCTS_DIR; };
		EBB4C58207356D3FC6F4375D /* Pods-RemoteNotification.debug.xcconfig */ = {isa = PBXFileReference; includeInIndex = 1; lastKnownFileType = text.xcconfig; name = "Pods-RemoteNotification.debug.xcconfig"; path = "Target Support Files/Pods-RemoteNotification/Pods-RemoteNotification.debug.xcconfig"; sourceTree = "<group>"; };
/* End PBXFileReference section */

/* Begin PBXFrameworksBuildPhase section */
		5127282E2A4EAE50006D4013 /* Frameworks */ = {
			isa = PBXFrameworksBuildPhase;
			buildActionMask = 2147483647;
			files = (
				75B3184F1C54C105DA67DF4B /* Pods_RemoteNotification.framework in Frameworks */,
			);
			runOnlyForDeploymentPostprocessing = 0;
		};
/* End PBXFrameworksBuildPhase section */

/* Begin PBXGroup section */
		0A8DDD14633D12690670FBD2 /* Frameworks */ = {
			isa = PBXGroup;
			children = (
				CC0CE6F802B9378125B2ED6A /* Pods_RemoteNotification.framework */,
			);
			name = Frameworks;
			sourceTree = "<group>";
		};
		292F755D3E3161C7F8922D2E /* Pods */ = {
			isa = PBXGroup;
			children = (
				EBB4C58207356D3FC6F4375D /* Pods-RemoteNotification.debug.xcconfig */,
				2D38BD69650523703E3E8327 /* Pods-RemoteNotification.release.xcconfig */,
			);
			path = Pods;
			sourceTree = "<group>";
		};
		512728282A4EAE50006D4013 = {
			isa = PBXGroup;
			children = (
				512728332A4EAE50006D4013 /* RemoteNotification */,
				512728322A4EAE50006D4013 /* Products */,
				292F755D3E3161C7F8922D2E /* Pods */,
				0A8DDD14633D12690670FBD2 /* Frameworks */,
			);
			sourceTree = "<group>";
		};
		512728322A4EAE50006D4013 /* Products */ = {
			isa = PBXGroup;
			children = (
				512728312A4EAE50006D4013 /* RemoteNotification.app */,
			);
			name = Products;
			sourceTree = "<group>";
		};
		512728332A4EAE50006D4013 /* RemoteNotification */ = {
			isa = PBXGroup;
			children = (
				5127284A2A4EB446006D4013 /* RemoteNotification.entitlements */,
				512728482A4EB0E7006D4013 /* GoogleService-Info.plist */,
				512728342A4EAE50006D4013 /* AppDelegate.swift */,
				512728362A4EAE50006D4013 /* SceneDelegate.swift */,
				512728382A4EAE50006D4013 /* ViewController.swift */,
				5127283A2A4EAE50006D4013 /* Main.storyboard */,
				5127283D2A4EAE51006D4013 /* Assets.xcassets */,
				5127283F2A4EAE51006D4013 /* LaunchScreen.storyboard */,
				512728422A4EAE51006D4013 /* Info.plist */,
			);
			path = RemoteNotification;
			sourceTree = "<group>";
		};
/* End PBXGroup section */

/* Begin PBXNativeTarget section */
		512728302A4EAE50006D4013 /* RemoteNotification */ = {
			isa = PBXNativeTarget;
			buildConfigurationList = 512728452A4EAE51006D4013 /* Build configuration list for PBXNativeTarget "RemoteNotification" */;
			buildPhases = (
				29D70E4742CF401C3042D88F /* [CP] Check Pods Manifest.lock */,
				5127282D2A4EAE50006D4013 /* Sources */,
				5127282E2A4EAE50006D4013 /* Frameworks */,
				5127282F2A4EAE50006D4013 /* Resources */,
				8993F859FB47E32920F88FB8 /* [CP] Embed Pods Frameworks */,
			);
			buildRules = (
			);
			dependencies = (
			);
			name = RemoteNotification;
			productName = RemoteNotification;
			productReference = 512728312A4EAE50006D4013 /* RemoteNotification.app */;
			productType = "com.apple.product-type.application";
		};
/* End PBXNativeTarget section */

/* Begin PBXProject section */
		512728292A4EAE50006D4013 /* Project object */ = {
			isa = PBXProject;
			attributes = {
				BuildIndependentTargetsInParallel = 1;
				LastSwiftUpdateCheck = 1420;
				LastUpgradeCheck = 1420;
				TargetAttributes = {
					512728302A4EAE50006D4013 = {
						CreatedOnToolsVersion = 14.2;
					};
				};
			};
			buildConfigurationList = 5127282C2A4EAE50006D4013 /* Build configuration list for PBXProject "RemoteNotification" */;
			compatibilityVersion = "Xcode 14.0";
			developmentRegion = en;
			hasScannedForEncodings = 0;
			knownRegions = (
				en,
				Base,
			);
			mainGroup = 512728282A4EAE50006D4013;
			productRefGroup = 512728322A4EAE50006D4013 /* Products */;
			projectDirPath = "";
			projectRoot = "";
			targets = (
				512728302A4EAE50006D4013 /* RemoteNotification */,
			);
		};
/* End PBXProject section */

/* Begin PBXResourcesBuildPhase section */
		5127282F2A4EAE50006D4013 /* Resources */ = {
			isa = PBXResourcesBuildPhase;
			buildActionMask = 2147483647;
			files = (
				512728412A4EAE51006D4013 /* LaunchScreen.storyboard in Resources */,
				512728492A4EB0E7006D4013 /* GoogleService-Info.plist in Resources */,
				5127283E2A4EAE51006D4013 /* Assets.xcassets in Resources */,
				5127283C2A4EAE50006D4013 /* Main.storyboard in Resources */,
			);
			runOnlyForDeploymentPostprocessing = 0;
		};
/* End PBXResourcesBuildPhase section */

/* Begin PBXShellScriptBuildPhase section */
		29D70E4742CF401C3042D88F /* [CP] Check Pods Manifest.lock */ = {
			isa = PBXShellScriptBuildPhase;
			buildActionMask = 2147483647;
			files = (
			);
			inputFileListPaths = (
			);
			inputPaths = (
				"${PODS_PODFILE_DIR_PATH}/Podfile.lock",
				"${PODS_ROOT}/Manifest.lock",
			);
			name = "[CP] Check Pods Manifest.lock";
			outputFileListPaths = (
			);
			outputPaths = (
				"$(DERIVED_FILE_DIR)/Pods-RemoteNotification-checkManifestLockResult.txt",
			);
			runOnlyForDeploymentPostprocessing = 0;
			shellPath = /bin/sh;
			shellScript = "diff \"${PODS_PODFILE_DIR_PATH}/Podfile.lock\" \"${PODS_ROOT}/Manifest.lock\" > /dev/null\nif [ $? != 0 ] ; then\n    # print error to STDERR\n    echo \"error: The sandbox is not in sync with the Podfile.lock. Run 'pod install' or update your CocoaPods installation.\" >&2\n    exit 1\nfi\n# This output is used by Xcode 'outputs' to avoid re-running this script phase.\necho \"SUCCESS\" > \"${SCRIPT_OUTPUT_FILE_0}\"\n";
			showEnvVarsInLog = 0;
		};
		8993F859FB47E32920F88FB8 /* [CP] Embed Pods Frameworks */ = {
			isa = PBXShellScriptBuildPhase;
			buildActionMask = 2147483647;
			files = (
			);
			inputFileListPaths = (
				"${PODS_ROOT}/Target Support Files/Pods-RemoteNotification/Pods-RemoteNotification-frameworks-${CONFIGURATION}-input-files.xcfilelist",
			);
			name = "[CP] Embed Pods Frameworks";
			outputFileListPaths = (
				"${PODS_ROOT}/Target Support Files/Pods-RemoteNotification/Pods-RemoteNotification-frameworks-${CONFIGURATION}-output-files.xcfilelist",
			);
			runOnlyForDeploymentPostprocessing = 0;
			shellPath = /bin/sh;
			shellScript = "\"${PODS_ROOT}/Target Support Files/Pods-RemoteNotification/Pods-RemoteNotification-frameworks.sh\"\n";
			showEnvVarsInLog = 0;
		};
/* End PBXShellScriptBuildPhase section */

/* Begin PBXSourcesBuildPhase section */
		5127282D2A4EAE50006D4013 /* Sources */ = {
			isa = PBXSourcesBuildPhase;
			buildActionMask = 2147483647;
			files = (
				512728392A4EAE50006D4013 /* ViewController.swift in Sources */,
				512728352A4EAE50006D4013 /* AppDelegate.swift in Sources */,
				512728372A4EAE50006D4013 /* SceneDelegate.swift in Sources */,
			);
			runOnlyForDeploymentPostprocessing = 0;
		};
/* End PBXSourcesBuildPhase section */

/* Begin PBXVariantGroup section */
		5127283A2A4EAE50006D4013 /* Main.storyboard */ = {
			isa = PBXVariantGroup;
			children = (
				5127283B2A4EAE50006D4013 /* Base */,
			);
			name = Main.storyboard;
			sourceTree = "<group>";
		};
		5127283F2A4EAE51006D4013 /* LaunchScreen.storyboard */ = {
			isa = PBXVariantGroup;
			children = (
				512728402A4EAE51006D4013 /* Base */,
			);
			name = LaunchScreen.storyboard;
			sourceTree = "<group>";
		};
/* End PBXVariantGroup section */

/* Begin XCBuildConfiguration section */
		512728432A4EAE51006D4013 /* Debug */ = {
			isa = XCBuildConfiguration;
			buildSettings = {
				ALWAYS_SEARCH_USER_PATHS = NO;
				CLANG_ANALYZER_NONNULL = YES;
				CLANG_ANALYZER_NUMBER_OBJECT_CONVERSION = YES_AGGRESSIVE;
				CLANG_CXX_LANGUAGE_STANDARD = "gnu++20";
				CLANG_ENABLE_MODULES = YES;
				CLANG_ENABLE_OBJC_ARC = YES;
				CLANG_ENABLE_OBJC_WEAK = YES;
				CLANG_WARN_BLOCK_CAPTURE_AUTORELEASING = YES;
				CLANG_WARN_BOOL_CONVERSION = YES;
				CLANG_WARN_COMMA = YES;
				CLANG_WARN_CONSTANT_CONVERSION = YES;
				CLANG_WARN_DEPRECATED_OBJC_IMPLEMENTATIONS = YES;
				CLANG_WARN_DIRECT_OBJC_ISA_USAGE = YES_ERROR;
				CLANG_WARN_DOCUMENTATION_COMMENTS = YES;
				CLANG_WARN_EMPTY_BODY = YES;
				CLANG_WARN_ENUM_CONVERSION = YES;
				CLANG_WARN_INFINITE_RECURSION = YES;
				CLANG_WARN_INT_CONVERSION = YES;
				CLANG_WARN_NON_LITERAL_NULL_CONVERSION = YES;
				CLANG_WARN_OBJC_IMPLICIT_RETAIN_SELF = YES;
				CLANG_WARN_OBJC_LITERAL_CONVERSION = YES;
				CLANG_WARN_OBJC_ROOT_CLASS = YES_ERROR;
				CLANG_WARN_QUOTED_INCLUDE_IN_FRAMEWORK_HEADER = YES;
				CLANG_WARN_RANGE_LOOP_ANALYSIS = YES;
				CLANG_WARN_STRICT_PROTOTYPES = YES;
				CLANG_WARN_SUSPICIOUS_MOVE = YES;
				CLANG_WARN_UNGUARDED_AVAILABILITY = YES_AGGRESSIVE;
				CLANG_WARN_UNREACHABLE_CODE = YES;
				CLANG_WARN__DUPLICATE_METHOD_MATCH = YES;
				COPY_PHASE_STRIP = NO;
				DEBUG_INFORMATION_FORMAT = dwarf;
				ENABLE_STRICT_OBJC_MSGSEND = YES;
				ENABLE_TESTABILITY = YES;
				GCC_C_LANGUAGE_STANDARD = gnu11;
				GCC_DYNAMIC_NO_PIC = NO;
				GCC_NO_COMMON_BLOCKS = YES;
				GCC_OPTIMIZATION_LEVEL = 0;
				GCC_PREPROCESSOR_DEFINITIONS = (
					"DEBUG=1",
					"$(inherited)",
				);
				GCC_WARN_64_TO_32_BIT_CONVERSION = YES;
				GCC_WARN_ABOUT_RETURN_TYPE = YES_ERROR;
				GCC_WARN_UNDECLARED_SELECTOR = YES;
				GCC_WARN_UNINITIALIZED_AUTOS = YES_AGGRESSIVE;
				GCC_WARN_UNUSED_FUNCTION = YES;
				GCC_WARN_UNUSED_VARIABLE = YES;
				IPHONEOS_DEPLOYMENT_TARGET = 16.2;
				MTL_ENABLE_DEBUG_INFO = INCLUDE_SOURCE;
				MTL_FAST_MATH = YES;
				ONLY_ACTIVE_ARCH = YES;
				SDKROOT = iphoneos;
				SWIFT_ACTIVE_COMPILATION_CONDITIONS = DEBUG;
				SWIFT_OPTIMIZATION_LEVEL = "-Onone";
			};
			name = Debug;
		};
		512728442A4EAE51006D4013 /* Release */ = {
			isa = XCBuildConfiguration;
			buildSettings = {
				ALWAYS_SEARCH_USER_PATHS = NO;
				CLANG_ANALYZER_NONNULL = YES;
				CLANG_ANALYZER_NUMBER_OBJECT_CONVERSION = YES_AGGRESSIVE;
				CLANG_CXX_LANGUAGE_STANDARD = "gnu++20";
				CLANG_ENABLE_MODULES = YES;
				CLANG_ENABLE_OBJC_ARC = YES;
				CLANG_ENABLE_OBJC_WEAK = YES;
				CLANG_WARN_BLOCK_CAPTURE_AUTORELEASING = YES;
				CLANG_WARN_BOOL_CONVERSION = YES;
				CLANG_WARN_COMMA = YES;
				CLANG_WARN_CONSTANT_CONVERSION = YES;
				CLANG_WARN_DEPRECATED_OBJC_IMPLEMENTATIONS = YES;
				CLANG_WARN_DIRECT_OBJC_ISA_USAGE = YES_ERROR;
				CLANG_WARN_DOCUMENTATION_COMMENTS = YES;
				CLANG_WARN_EMPTY_BODY = YES;
				CLANG_WARN_ENUM_CONVERSION = YES;
				CLANG_WARN_INFINITE_RECURSION = YES;
				CLANG_WARN_INT_CONVERSION = YES;
				CLANG_WARN_NON_LITERAL_NULL_CONVERSION = YES;
				CLANG_WARN_OBJC_IMPLICIT_RETAIN_SELF = YES;
				CLANG_WARN_OBJC_LITERAL_CONVERSION = YES;
				CLANG_WARN_OBJC_ROOT_CLASS = YES_ERROR;
				CLANG_WARN_QUOTED_INCLUDE_IN_FRAMEWORK_HEADER = YES;
				CLANG_WARN_RANGE_LOOP_ANALYSIS = YES;
				CLANG_WARN_STRICT_PROTOTYPES = YES;
				CLANG_WARN_SUSPICIOUS_MOVE = YES;
				CLANG_WARN_UNGUARDED_AVAILABILITY = YES_AGGRESSIVE;
				CLANG_WARN_UNREACHABLE_CODE = YES;
				CLANG_WARN__DUPLICATE_METHOD_MATCH = YES;
				COPY_PHASE_STRIP = NO;
				DEBUG_INFORMATION_FORMAT = "dwarf-with-dsym";
				ENABLE_NS_ASSERTIONS = NO;
				ENABLE_STRICT_OBJC_MSGSEND = YES;
				GCC_C_LANGUAGE_STANDARD = gnu11;
				GCC_NO_COMMON_BLOCKS = YES;
				GCC_WARN_64_TO_32_BIT_CONVERSION = YES;
				GCC_WARN_ABOUT_RETURN_TYPE = YES_ERROR;
				GCC_WARN_UNDECLARED_SELECTOR = YES;
				GCC_WARN_UNINITIALIZED_AUTOS = YES_AGGRESSIVE;
				GCC_WARN_UNUSED_FUNCTION = YES;
				GCC_WARN_UNUSED_VARIABLE = YES;
				IPHONEOS_DEPLOYMENT_TARGET = 16.2;
				MTL_ENABLE_DEBUG_INFO = NO;
				MTL_FAST_MATH = YES;
				SDKROOT = iphoneos;
				SWIFT_COMPILATION_MODE = wholemodule;
				SWIFT_OPTIMIZATION_LEVEL = "-O";
				VALIDATE_PRODUCT = YES;
			};
			name = Release;
		};
		512728462A4EAE51006D4013 /* Debug */ = {
			isa = XCBuildConfiguration;
			baseConfigurationReference = EBB4C58207356D3FC6F4375D /* Pods-RemoteNotification.debug.xcconfig */;
			buildSettings = {
				ASSETCATALOG_COMPILER_APPICON_NAME = AppIcon;
				ASSETCATALOG_COMPILER_GLOBAL_ACCENT_COLOR_NAME = AccentColor;
				CODE_SIGN_ENTITLEMENTS = RemoteNotification/RemoteNotification.entitlements;
				CODE_SIGN_IDENTITY = "Apple Development";
				CODE_SIGN_STYLE = Automatic;
				CURRENT_PROJECT_VERSION = 1;
				DEVELOPMENT_TEAM = 4Q9XG9F7CU;
				GENERATE_INFOPLIST_FILE = YES;
				INFOPLIST_FILE = RemoteNotification/Info.plist;
				INFOPLIST_KEY_UIApplicationSupportsIndirectInputEvents = YES;
				INFOPLIST_KEY_UILaunchStoryboardName = LaunchScreen;
				INFOPLIST_KEY_UIMainStoryboardFile = Main;
				INFOPLIST_KEY_UISupportedInterfaceOrientations_iPad = "UIInterfaceOrientationPortrait UIInterfaceOrientationPortraitUpsideDown UIInterfaceOrientationLandscapeLeft UIInterfaceOrientationLandscapeRight";
				INFOPLIST_KEY_UISupportedInterfaceOrientations_iPhone = "UIInterfaceOrientationPortrait UIInterfaceOrientationLandscapeLeft UIInterfaceOrientationLandscapeRight";
				LD_RUNPATH_SEARCH_PATHS = (
					"$(inherited)",
					"@executable_path/Frameworks",
				);
				MARKETING_VERSION = 1.0;
				PRODUCT_BUNDLE_IDENTIFIER = com.MJA.RemoteNotification;
				PRODUCT_NAME = "$(TARGET_NAME)";
				PROVISIONING_PROFILE_SPECIFIER = "";
				SWIFT_EMIT_LOC_STRINGS = YES;
				SWIFT_VERSION = 5.0;
				TARGETED_DEVICE_FAMILY = "1,2";
			};
			name = Debug;
		};
		512728472A4EAE51006D4013 /* Release */ = {
			isa = XCBuildConfiguration;
			baseConfigurationReference = 2D38BD69650523703E3E8327 /* Pods-RemoteNotification.release.xcconfig */;
			buildSettings = {
				ASSETCATALOG_COMPILER_APPICON_NAME = AppIcon;
				ASSETCATALOG_COMPILER_GLOBAL_ACCENT_COLOR_NAME = AccentColor;
				CODE_SIGN_ENTITLEMENTS = RemoteNotification/RemoteNotification.entitlements;
				CODE_SIGN_IDENTITY = "Apple Development";
				CODE_SIGN_STYLE = Automatic;
				CURRENT_PROJECT_VERSION = 1;
				DEVELOPMENT_TEAM = 4Q9XG9F7CU;
				GENERATE_INFOPLIST_FILE = YES;
				INFOPLIST_FILE = RemoteNotification/Info.plist;
				INFOPLIST_KEY_UIApplicationSupportsIndirectInputEvents = YES;
				INFOPLIST_KEY_UILaunchStoryboardName = LaunchScreen;
				INFOPLIST_KEY_UIMainStoryboardFile = Main;
				INFOPLIST_KEY_UISupportedInterfaceOrientations_iPad = "UIInterfaceOrientationPortrait UIInterfaceOrientationPortraitUpsideDown UIInterfaceOrientationLandscapeLeft UIInterfaceOrientationLandscapeRight";
				INFOPLIST_KEY_UISupportedInterfaceOrientations_iPhone = "UIInterfaceOrientationPortrait UIInterfaceOrientationLandscapeLeft UIInterfaceOrientationLandscapeRight";
				LD_RUNPATH_SEARCH_PATHS = (
					"$(inherited)",
					"@executable_path/Frameworks",
				);
				MARKETING_VERSION = 1.0;
				PRODUCT_BUNDLE_IDENTIFIER = com.MJA.RemoteNotification;
				PRODUCT_NAME = "$(TARGET_NAME)";
				PROVISIONING_PROFILE_SPECIFIER = "";
				SWIFT_EMIT_LOC_STRINGS = YES;
				SWIFT_VERSION = 5.0;
				TARGETED_DEVICE_FAMILY = "1,2";
			};
			name = Release;
		};
/* End XCBuildConfiguration section */

/* Begin XCConfigurationList section */
		5127282C2A4EAE50006D4013 /* Build configuration list for PBXProject "RemoteNotification" */ = {
			isa = XCConfigurationList;
			buildConfigurations = (
				512728432A4EAE51006D4013 /* Debug */,
				512728442A4EAE51006D4013 /* Release */,
			);
			defaultConfigurationIsVisible = 0;
			defaultConfigurationName = Release;
		};
		512728452A4EAE51006D4013 /* Build configuration list for PBXNativeTarget "RemoteNotification" */ = {
			isa = XCConfigurationList;
			buildConfigurations = (
				512728462A4EAE51006D4013 /* Debug */,
				512728472A4EAE51006D4013 /* Release */,
			);
			defaultConfigurationIsVisible = 0;
			defaultConfigurationName = Release;
		};
/* End XCConfigurationList section */
	};
	rootObject = 512728292A4EAE50006D4013 /* Project object */;
}
